
Microsoft Visual Studio Solution File, Format Version 12.00
# Visual Studio 14
VisualStudioVersion = 14.0.25420.1
MinimumVisualStudioVersion = 10.0.40219.1
Project("{FAE04EC0-301F-11D3-BF4B-00C04F79EFBC}") = "TxoooProductUpload", "TxoooProductUpload\TxoooProductUpload.csproj", "{2DC377B9-A78D-4ED1-AC1E-A61BDD040853}"
EndProject
Project("{FAE04EC0-301F-11D3-BF4B-00C04F79EFBC}") = "TxoooProductUpload.UI", "TxoooProductUpload.UI\TxoooProductUpload.UI.csproj", "{FCB29AE0-FA8F-46A2-807E-7079D58130BC}"
EndProject
Project("{2150E333-8FDC-42A3-9474-1A3956D46DE8}") = "Xilium", "Xilium", "{81FD9098-2108-4AA9-947C-929A00677911}"
EndProject
Project("{FAE04EC0-301F-11D3-BF4B-00C04F79EFBC}") = "CefGlue", "Xilium.CefGlue\CefGlue\CefGlue.csproj", "{703FF300-34B9-48D4-A5D6-E741F48D5F95}"
EndProject
Project("{FAE04EC0-301F-11D3-BF4B-00C04F79EFBC}") = "CefGlue.WindowsForms", "Xilium.CefGlue\CefGlue.WindowsForms\CefGlue.WindowsForms.csproj", "{679AF14D-8FF5-4608-BFF8-EC1A7DED04A4}"
EndProject
Project("{FAE04EC0-301F-11D3-BF4B-00C04F79EFBC}") = "CefGlue.Client", "Xilium.CefGlue\CefGlue.Client\CefGlue.Client.csproj", "{311984DF-EB92-4B01-B4AD-C7E73A13E271}"
EndProject
Global
	GlobalSection(SolutionConfigurationPlatforms) = preSolution
		CD_ROM|Any CPU = CD_ROM|Any CPU
		CD_ROM|x86 = CD_ROM|x86
		Debug|Any CPU = Debug|Any CPU
		Debug|x86 = Debug|x86
		DVD-5|Any CPU = DVD-5|Any CPU
		DVD-5|x86 = DVD-5|x86
		Release|Any CPU = Release|Any CPU
		Release|x86 = Release|x86
		SingleImage|Any CPU = SingleImage|Any CPU
		SingleImage|x86 = SingleImage|x86
	EndGlobalSection
	GlobalSection(ProjectConfigurationPlatforms) = postSolution
		{2DC377B9-A78D-4ED1-AC1E-A61BDD040853}.CD_ROM|Any CPU.ActiveCfg = Release|Any CPU
		{2DC377B9-A78D-4ED1-AC1E-A61BDD040853}.CD_ROM|Any CPU.Build.0 = Release|Any CPU
		{2DC377B9-A78D-4ED1-AC1E-A61BDD040853}.CD_ROM|x86.ActiveCfg = Debug|Any CPU
		{2DC377B9-A78D-4ED1-AC1E-A61BDD040853}.CD_ROM|x86.Build.0 = Debug|Any CPU
		{2DC377B9-A78D-4ED1-AC1E-A61BDD040853}.Debug|Any CPU.ActiveCfg = Debug|Any CPU
		{2DC377B9-A78D-4ED1-AC1E-A61BDD040853}.Debug|Any CPU.Build.0 = Debug|Any CPU
		{2DC377B9-A78D-4ED1-AC1E-A61BDD040853}.Debug|x86.ActiveCfg = Debug|Any CPU
		{2DC377B9-A78D-4ED1-AC1E-A61BDD040853}.Debug|x86.Build.0 = Debug|Any CPU
		{2DC377B9-A78D-4ED1-AC1E-A61BDD040853}.DVD-5|Any CPU.ActiveCfg = Debug|Any CPU
		{2DC377B9-A78D-4ED1-AC1E-A61BDD040853}.DVD-5|Any CPU.Build.0 = Debug|Any CPU
		{2DC377B9-A78D-4ED1-AC1E-A61BDD040853}.DVD-5|x86.ActiveCfg = Debug|Any CPU
		{2DC377B9-A78D-4ED1-AC1E-A61BDD040853}.DVD-5|x86.Build.0 = Debug|Any CPU
		{2DC377B9-A78D-4ED1-AC1E-A61BDD040853}.Release|Any CPU.ActiveCfg = Release|Any CPU
		{2DC377B9-A78D-4ED1-AC1E-A61BDD040853}.Release|Any CPU.Build.0 = Release|Any CPU
		{2DC377B9-A78D-4ED1-AC1E-A61BDD040853}.Release|x86.ActiveCfg = Release|Any CPU
		{2DC377B9-A78D-4ED1-AC1E-A61BDD040853}.Release|x86.Build.0 = Release|Any CPU
		{2DC377B9-A78D-4ED1-AC1E-A61BDD040853}.SingleImage|Any CPU.ActiveCfg = Release|Any CPU
		{2DC377B9-A78D-4ED1-AC1E-A61BDD040853}.SingleImage|Any CPU.Build.0 = Release|Any CPU
		{2DC377B9-A78D-4ED1-AC1E-A61BDD040853}.SingleImage|x86.ActiveCfg = Debug|Any CPU
		{2DC377B9-A78D-4ED1-AC1E-A61BDD040853}.SingleImage|x86.Build.0 = Debug|Any CPU
		{FCB29AE0-FA8F-46A2-807E-7079D58130BC}.CD_ROM|Any CPU.ActiveCfg = Release|Any CPU
		{FCB29AE0-FA8F-46A2-807E-7079D58130BC}.CD_ROM|Any CPU.Build.0 = Release|Any CPU
		{FCB29AE0-FA8F-46A2-807E-7079D58130BC}.CD_ROM|x86.ActiveCfg = Debug|Any CPU
		{FCB29AE0-FA8F-46A2-807E-7079D58130BC}.CD_ROM|x86.Build.0 = Debug|Any CPU
		{FCB29AE0-FA8F-46A2-807E-7079D58130BC}.Debug|Any CPU.ActiveCfg = Debug|Any CPU
		{FCB29AE0-FA8F-46A2-807E-7079D58130BC}.Debug|Any CPU.Build.0 = Debug|Any CPU
		{FCB29AE0-FA8F-46A2-807E-7079D58130BC}.Debug|x86.ActiveCfg = Debug|Any CPU
		{FCB29AE0-FA8F-46A2-807E-7079D58130BC}.Debug|x86.Build.0 = Debug|Any CPU
		{FCB29AE0-FA8F-46A2-807E-7079D58130BC}.DVD-5|Any CPU.ActiveCfg = Debug|Any CPU
		{FCB29AE0-FA8F-46A2-807E-7079D58130BC}.DVD-5|Any CPU.Build.0 = Debug|Any CPU
		{FCB29AE0-FA8F-46A2-807E-7079D58130BC}.DVD-5|x86.ActiveCfg = Debug|Any CPU
		{FCB29AE0-FA8F-46A2-807E-7079D58130BC}.DVD-5|x86.Build.0 = Debug|Any CPU
		{FCB29AE0-FA8F-46A2-807E-7079D58130BC}.Release|Any CPU.ActiveCfg = Release|Any CPU
		{FCB29AE0-FA8F-46A2-807E-7079D58130BC}.Release|Any CPU.Build.0 = Release|Any CPU
		{FCB29AE0-FA8F-46A2-807E-7079D58130BC}.Release|x86.ActiveCfg = Release|Any CPU
		{FCB29AE0-FA8F-46A2-807E-7079D58130BC}.Release|x86.Build.0 = Release|Any CPU
		{FCB29AE0-FA8F-46A2-807E-7079D58130BC}.SingleImage|Any CPU.ActiveCfg = Release|Any CPU
		{FCB29AE0-FA8F-46A2-807E-7079D58130BC}.SingleImage|Any CPU.Build.0 = Release|Any CPU
		{FCB29AE0-FA8F-46A2-807E-7079D58130BC}.SingleImage|x86.ActiveCfg = Debug|Any CPU
		{FCB29AE0-FA8F-46A2-807E-7079D58130BC}.SingleImage|x86.Build.0 = Debug|Any CPU
		{703FF300-34B9-48D4-A5D6-E741F48D5F95}.CD_ROM|Any CPU.ActiveCfg = Release|Any CPU
		{703FF300-34B9-48D4-A5D6-E741F48D5F95}.CD_ROM|Any CPU.Build.0 = Release|Any CPU
		{703FF300-34B9-48D4-A5D6-E741F48D5F95}.CD_ROM|x86.ActiveCfg = Release|Any CPU
		{703FF300-34B9-48D4-A5D6-E741F48D5F95}.CD_ROM|x86.Build.0 = Release|Any CPU
		{703FF300-34B9-48D4-A5D6-E741F48D5F95}.Debug|Any CPU.ActiveCfg = Debug|Any CPU
		{703FF300-34B9-48D4-A5D6-E741F48D5F95}.Debug|Any CPU.Build.0 = Debug|Any CPU
		{703FF300-34B9-48D4-A5D6-E741F48D5F95}.Debug|x86.ActiveCfg = Debug|Any CPU
		{703FF300-34B9-48D4-A5D6-E741F48D5F95}.Debug|x86.Build.0 = Debug|Any CPU
		{703FF300-34B9-48D4-A5D6-E741F48D5F95}.DVD-5|Any CPU.ActiveCfg = Debug|Any CPU
		{703FF300-34B9-48D4-A5D6-E741F48D5F95}.DVD-5|Any CPU.Build.0 = Debug|Any CPU
		{703FF300-34B9-48D4-A5D6-E741F48D5F95}.DVD-5|x86.ActiveCfg = Debug|Any CPU
		{703FF300-34B9-48D4-A5D6-E741F48D5F95}.DVD-5|x86.Build.0 = Debug|Any CPU
		{703FF300-34B9-48D4-A5D6-E741F48D5F95}.Release|Any CPU.ActiveCfg = Release|Any CPU
		{703FF300-34B9-48D4-A5D6-E741F48D5F95}.Release|Any CPU.Build.0 = Release|Any CPU
		{703FF300-34B9-48D4-A5D6-E741F48D5F95}.Release|x86.ActiveCfg = Release|Any CPU
		{703FF300-34B9-48D4-A5D6-E741F48D5F95}.Release|x86.Build.0 = Release|Any CPU
		{703FF300-34B9-48D4-A5D6-E741F48D5F95}.SingleImage|Any CPU.ActiveCfg = Release|Any CPU
		{703FF300-34B9-48D4-A5D6-E741F48D5F95}.SingleImage|Any CPU.Build.0 = Release|Any CPU
		{703FF300-34B9-48D4-A5D6-E741F48D5F95}.SingleImage|x86.ActiveCfg = Release|Any CPU
		{703FF300-34B9-48D4-A5D6-E741F48D5F95}.SingleImage|x86.Build.0 = Release|Any CPU
		{679AF14D-8FF5-4608-BFF8-EC1A7DED04A4}.CD_ROM|Any CPU.ActiveCfg = Release|Any CPU
		{679AF14D-8FF5-4608-BFF8-EC1A7DED04A4}.CD_ROM|Any CPU.Build.0 = Release|Any CPU
		{679AF14D-8FF5-4608-BFF8-EC1A7DED04A4}.CD_ROM|x86.ActiveCfg = Release|Any CPU
		{679AF14D-8FF5-4608-BFF8-EC1A7DED04A4}.CD_ROM|x86.Build.0 = Release|Any CPU
		{679AF14D-8FF5-4608-BFF8-EC1A7DED04A4}.Debug|Any CPU.ActiveCfg = Debug|Any CPU
		{679AF14D-8FF5-4608-BFF8-EC1A7DED04A4}.Debug|Any CPU.Build.0 = Debug|Any CPU
		{679AF14D-8FF5-4608-BFF8-EC1A7DED04A4}.Debug|x86.ActiveCfg = Debug|Any CPU
		{679AF14D-8FF5-4608-BFF8-EC1A7DED04A4}.Debug|x86.Build.0 = Debug|Any CPU
		{679AF14D-8FF5-4608-BFF8-EC1A7DED04A4}.DVD-5|Any CPU.ActiveCfg = Debug|Any CPU
		{679AF14D-8FF5-4608-BFF8-EC1A7DED04A4}.DVD-5|Any CPU.Build.0 = Debug|Any CPU
		{679AF14D-8FF5-4608-BFF8-EC1A7DED04A4}.DVD-5|x86.ActiveCfg = Debug|Any CPU
		{679AF14D-8FF5-4608-BFF8-EC1A7DED04A4}.DVD-5|x86.Build.0 = Debug|Any CPU
		{679AF14D-8FF5-4608-BFF8-EC1A7DED04A4}.Release|Any CPU.ActiveCfg = Release|Any CPU
		{679AF14D-8FF5-4608-BFF8-EC1A7DED04A4}.Release|Any CPU.Build.0 = Release|Any CPU
		{679AF14D-8FF5-4608-BFF8-EC1A7DED04A4}.Release|x86.ActiveCfg = Release|Any CPU
		{679AF14D-8FF5-4608-BFF8-EC1A7DED04A4}.Release|x86.Build.0 = Release|Any CPU
		{679AF14D-8FF5-4608-BFF8-EC1A7DED04A4}.SingleImage|Any CPU.ActiveCfg = Release|Any CPU
		{679AF14D-8FF5-4608-BFF8-EC1A7DED04A4}.SingleImage|Any CPU.Build.0 = Release|Any CPU
		{679AF14D-8FF5-4608-BFF8-EC1A7DED04A4}.SingleImage|x86.ActiveCfg = Release|Any CPU
		{679AF14D-8FF5-4608-BFF8-EC1A7DED04A4}.SingleImage|x86.Build.0 = Release|Any CPU
		{311984DF-EB92-4B01-B4AD-C7E73A13E271}.CD_ROM|Any CPU.ActiveCfg = Release|Any CPU
		{311984DF-EB92-4B01-B4AD-C7E73A13E271}.CD_ROM|Any CPU.Build.0 = Release|Any CPU
		{311984DF-EB92-4B01-B4AD-C7E73A13E271}.CD_ROM|x86.ActiveCfg = Release|x86
		{311984DF-EB92-4B01-B4AD-C7E73A13E271}.CD_ROM|x86.Build.0 = Release|x86
		{311984DF-EB92-4B01-B4AD-C7E73A13E271}.Debug|Any CPU.ActiveCfg = Debug|Any CPU
		{311984DF-EB92-4B01-B4AD-C7E73A13E271}.Debug|Any CPU.Build.0 = Debug|Any CPU
		{311984DF-EB92-4B01-B4AD-C7E73A13E271}.Debug|x86.ActiveCfg = Debug|x86
		{311984DF-EB92-4B01-B4AD-C7E73A13E271}.Debug|x86.Build.0 = Debug|x86
		{311984DF-EB92-4B01-B4AD-C7E73A13E271}.DVD-5|Any CPU.ActiveCfg = Debug|Any CPU
		{311984DF-EB92-4B01-B4AD-C7E73A13E271}.DVD-5|Any CPU.Build.0 = Debug|Any CPU
		{311984DF-EB92-4B01-B4AD-C7E73A13E271}.DVD-5|x86.ActiveCfg = Debug|x86
		{311984DF-EB92-4B01-B4AD-C7E73A13E271}.DVD-5|x86.Build.0 = Debug|x86
		{311984DF-EB92-4B01-B4AD-C7E73A13E271}.Release|Any CPU.ActiveCfg = Release|Any CPU
		{311984DF-EB92-4B01-B4AD-C7E73A13E271}.Release|Any CPU.Build.0 = Release|Any CPU
		{311984DF-EB92-4B01-B4AD-C7E73A13E271}.Release|x86.ActiveCfg = Release|x86
		{311984DF-EB92-4B01-B4AD-C7E73A13E271}.Release|x86.Build.0 = Release|x86
		{311984DF-EB92-4B01-B4AD-C7E73A13E271}.SingleImage|Any CPU.ActiveCfg = Release|Any CPU
		{311984DF-EB92-4B01-B4AD-C7E73A13E271}.SingleImage|Any CPU.Build.0 = Release|Any CPU
		{311984DF-EB92-4B01-B4AD-C7E73A13E271}.SingleImage|x86.ActiveCfg = Release|x86
		{311984DF-EB92-4B01-B4AD-C7E73A13E271}.SingleImage|x86.Build.0 = Release|x86
	EndGlobalSection
	GlobalSection(SolutionProperties) = preSolution
		HideSolutionNode = FALSE
	EndGlobalSection
	GlobalSection(NestedProjects) = preSolution
		{703FF300-34B9-48D4-A5D6-E741F48D5F95} = {81FD9098-2108-4AA9-947C-929A00677911}
		{679AF14D-8FF5-4608-BFF8-EC1A7DED04A4} = {81FD9098-2108-4AA9-947C-929A00677911}
		{311984DF-EB92-4B01-B4AD-C7E73A13E271} = {81FD9098-2108-4AA9-947C-929A00677911}
	EndGlobalSection
EndGlobal
